
Microsoft Visual Studio Solution File, Format Version 12.00
# Visual Studio Version 17
VisualStudioVersion = 17.3.32929.385
MinimumVisualStudioVersion = 10.0.40219.1
Project("{FAE04EC0-301F-11D3-BF4B-00C04F79EFBC}") = "WordleGame", "week 7 takehome\WordleGame.csproj", "{88B2AD62-EBBA-4057-BB56-4B24B312E388}"
EndProject
Global
	GlobalSection(SolutionConfigurationPlatforms) = preSolution
		Debug|Any CPU = Debug|Any CPU
		Release|Any CPU = Release|Any CPU
	EndGlobalSection
	GlobalSection(ProjectConfigurationPlatforms) = postSolution
		{88B2AD62-EBBA-4057-BB56-4B24B312E388}.Debug|Any CPU.ActiveCfg = Debug|Any CPU
		{88B2AD62-EBBA-4057-BB56-4B24B312E388}.Debug|Any CPU.Build.0 = Debug|Any CPU
		{88B2AD62-EBBA-4057-BB56-4B24B312E388}.Release|Any CPU.ActiveCfg = Release|Any CPU
		{88B2AD62-EBBA-4057-BB56-4B24B312E388}.Release|Any CPU.Build.0 = Release|Any CPU
	EndGlobalSection
	GlobalSection(SolutionProperties) = preSolution
		HideSolutionNode = FALSE
	EndGlobalSection
	GlobalSection(ExtensibilityGlobals) = postSolution
		SolutionGuid = {82878927-F9E4-4C20-9DCD-816F07791AD8}
	EndGlobalSection
EndGlobal
